{
  "name": "failsafe",
  "version": "1.0.0",
  "lockfileVersion": 3,
  "requires": true,
  "packages": {
    "": {
      "name": "failsafe",
      "version": "1.0.0",
      "license": "ISC",
      "dependencies": {
        "@dimensional-fun/logger": "^1.0.1",
        "@lavaclient/plugin-effects": "^1.0.0-rc.2",
        "@lavaclient/plugin-queue": "^0.0.1",
        "discord.js": "^14.14.1",
        "dotenv": "^16.4.5",
        "glob-promise": "^6.0.5",
        "lavaclient": "^5.0.0-rc.3"
      },
      "devDependencies": {
        "@types/node": "^20.12.7",
        "typescript": "^5.4.5"
      }
    },
    "node_modules/@dimensional-fun/logger": {
      "version": "1.0.1",
      "resolved": "https://registry.npmjs.org/@dimensional-fun/logger/-/logger-1.0.1.tgz",
      "integrity": "sha512-COuvFTNuM9mkQ96ZnMe0q6Vr/+D5AYqwX8dZJIbobMX3YGC+gK4FPmEtCWLLuLbUi9qZI/psGStl4O3ydv9amA==",
      "dependencies": {
        "ansi-styles": "^4.2.1",
        "color-convert": "^2.0.1",
        "fecha": "^4.2.0"
      },
      "engines": {
        "node": ">=14.0.0"
      }
    },
    "node_modules/@discordjs/builders": {
      "version": "1.7.0",
      "resolved": "https://registry.npmjs.org/@discordjs/builders/-/builders-1.7.0.tgz",
      "integrity": "sha512-GDtbKMkg433cOZur8Dv6c25EHxduNIBsxeHrsRoIM8+AwmEZ8r0tEpckx/sHwTLwQPOF3e2JWloZh9ofCaMfAw==",
      "dependencies": {
        "@discordjs/formatters": "^0.3.3",
        "@discordjs/util": "^1.0.2",
        "@sapphire/shapeshift": "^3.9.3",
        "discord-api-types": "0.37.61",
        "fast-deep-equal": "^3.1.3",
        "ts-mixer": "^6.0.3",
        "tslib": "^2.6.2"
      },
      "engines": {
        "node": ">=16.11.0"
      }
    },
    "node_modules/@discordjs/collection": {
      "version": "1.5.3",
      "resolved": "https://registry.npmjs.org/@discordjs/collection/-/collection-1.5.3.tgz",
      "integrity": "sha512-SVb428OMd3WO1paV3rm6tSjM4wC+Kecaa1EUGX7vc6/fddvw/6lg90z4QtCqm21zvVe92vMMDt9+DkIvjXImQQ==",
      "engines": {
        "node": ">=16.11.0"
      }
    },
    "node_modules/@discordjs/formatters": {
      "version": "0.3.3",
      "resolved": "https://registry.npmjs.org/@discordjs/formatters/-/formatters-0.3.3.tgz",
      "integrity": "sha512-wTcI1Q5cps1eSGhl6+6AzzZkBBlVrBdc9IUhJbijRgVjCNIIIZPgqnUj3ntFODsHrdbGU8BEG9XmDQmgEEYn3w==",
      "dependencies": {
        "discord-api-types": "0.37.61"
      },
      "engines": {
        "node": ">=16.11.0"
      }
    },
    "node_modules/@discordjs/rest": {
      "version": "2.2.0",
      "resolved": "https://registry.npmjs.org/@discordjs/rest/-/rest-2.2.0.tgz",
      "integrity": "sha512-nXm9wT8oqrYFRMEqTXQx9DUTeEtXUDMmnUKIhZn6O2EeDY9VCdwj23XCPq7fkqMPKdF7ldAfeVKyxxFdbZl59A==",
      "dependencies": {
        "@discordjs/collection": "^2.0.0",
        "@discordjs/util": "^1.0.2",
        "@sapphire/async-queue": "^1.5.0",
        "@sapphire/snowflake": "^3.5.1",
        "@vladfrangu/async_event_emitter": "^2.2.2",
        "discord-api-types": "0.37.61",
        "magic-bytes.js": "^1.5.0",
        "tslib": "^2.6.2",
        "undici": "5.27.2"
      },
      "engines": {
        "node": ">=16.11.0"
      }
    },
    "node_modules/@discordjs/rest/node_modules/@discordjs/collection": {
      "version": "2.0.0",
      "resolved": "https://registry.npmjs.org/@discordjs/collection/-/collection-2.0.0.tgz",
      "integrity": "sha512-YTWIXLrf5FsrLMycpMM9Q6vnZoR/lN2AWX23/Cuo8uOOtS8eHB2dyQaaGnaF8aZPYnttf2bkLMcXn/j6JUOi3w==",
      "engines": {
        "node": ">=18"
      }
    },
    "node_modules/@discordjs/util": {
      "version": "1.0.2",
      "resolved": "https://registry.npmjs.org/@discordjs/util/-/util-1.0.2.tgz",
      "integrity": "sha512-IRNbimrmfb75GMNEjyznqM1tkI7HrZOf14njX7tCAAUetyZM1Pr8hX/EK2lxBCOgWDRmigbp24fD1hdMfQK5lw==",
      "engines": {
        "node": ">=16.11.0"
      }
    },
    "node_modules/@discordjs/ws": {
      "version": "1.0.2",
      "resolved": "https://registry.npmjs.org/@discordjs/ws/-/ws-1.0.2.tgz",
      "integrity": "sha512-+XI82Rm2hKnFwAySXEep4A7Kfoowt6weO6381jgW+wVdTpMS/56qCvoXyFRY0slcv7c/U8My2PwIB2/wEaAh7Q==",
      "dependencies": {
        "@discordjs/collection": "^2.0.0",
        "@discordjs/rest": "^2.1.0",
        "@discordjs/util": "^1.0.2",
        "@sapphire/async-queue": "^1.5.0",
        "@types/ws": "^8.5.9",
        "@vladfrangu/async_event_emitter": "^2.2.2",
        "discord-api-types": "0.37.61",
        "tslib": "^2.6.2",
        "ws": "^8.14.2"
      },
      "engines": {
        "node": ">=16.11.0"
      }
    },
    "node_modules/@discordjs/ws/node_modules/@discordjs/collection": {
      "version": "2.0.0",
      "resolved": "https://registry.npmjs.org/@discordjs/collection/-/collection-2.0.0.tgz",
      "integrity": "sha512-YTWIXLrf5FsrLMycpMM9Q6vnZoR/lN2AWX23/Cuo8uOOtS8eHB2dyQaaGnaF8aZPYnttf2bkLMcXn/j6JUOi3w==",
      "engines": {
        "node": ">=18"
      }
    },
    "node_modules/@effect/data": {
      "version": "0.17.6",
      "resolved": "https://registry.npmjs.org/@effect/data/-/data-0.17.6.tgz",
      "integrity": "sha512-/vwz7Jh05eS0qY8kczR/YyJd18d0C+PMtUkAealh4f6gwvhABLGCnktNJTcq/+UHxY0Cbv18r5uaJ4+7PPC+WQ=="
    },
    "node_modules/@effect/schema": {
      "version": "0.49.4",
      "resolved": "https://registry.npmjs.org/@effect/schema/-/schema-0.49.4.tgz",
      "integrity": "sha512-Em5qFV7kXfHpt6n89B2Zwd0ccGgfFpZbBAfQuGPdw/zY18k01Tl3ufKfBA6fFphKQiWrU6JS9btTlq1+/WRRIg==",
      "peerDependencies": {
        "effect": "2.0.0-next.56",
        "fast-check": "^3.13.2"
      }
    },
    "node_modules/@fastify/busboy": {
      "version": "2.1.1",
      "resolved": "https://registry.npmjs.org/@fastify/busboy/-/busboy-2.1.1.tgz",
      "integrity": "sha512-vBZP4NlzfOlerQTnba4aqZoMhE/a9HY7HRqoOPaETQcSQuWEIyZMHGfVu6w9wGtGK5fED5qRs2DteVCjOH60sA==",
      "engines": {
        "node": ">=14"
      }
    },
    "node_modules/@lavaclient/plugin-effects": {
      "version": "1.0.0-rc.2",
      "resolved": "https://registry.npmjs.org/@lavaclient/plugin-effects/-/plugin-effects-1.0.0-rc.2.tgz",
      "integrity": "sha512-S8c14HZknGsk1f691RMhRHJR2OWdZFwyKoRViarLtDJAZAYVGg2s8lBBT7mmuGsYHOB7v2PK3wwuvET6aHdwZg==",
      "dependencies": {
        "tslib": "^2.6.0"
      },
      "engines": {
        "node": ">=20"
      },
      "peerDependencies": {
        "lavaclient": "rc",
        "lavalink-protocol": "1.0.1"
      }
    },
    "node_modules/@lavaclient/plugin-queue": {
      "version": "0.0.1",
      "resolved": "https://registry.npmjs.org/@lavaclient/plugin-queue/-/plugin-queue-0.0.1.tgz",
      "integrity": "sha512-taQ7zGwtpErDceMN1sem93va3gXbFtgI2RxdY1ZuYfDonR6wO3i/5YPt6gyOZyUmVTWYyDJPkfafTCZmIQyusA==",
      "dependencies": {
        "tiny-typed-emitter": "^2.1.0",
        "tslib": "^2.6.0"
      },
      "engines": {
        "node": ">=20"
      },
      "peerDependencies": {
        "lavaclient": "rc",
        "lavalink-protocol": "1.0.1"
      }
    },
    "node_modules/@sapphire/async-queue": {
      "version": "1.5.2",
      "resolved": "https://registry.npmjs.org/@sapphire/async-queue/-/async-queue-1.5.2.tgz",
      "integrity": "sha512-7X7FFAA4DngXUl95+hYbUF19bp1LGiffjJtu7ygrZrbdCSsdDDBaSjB7Akw0ZbOu6k0xpXyljnJ6/RZUvLfRdg==",
      "engines": {
        "node": ">=v14.0.0",
        "npm": ">=7.0.0"
      }
    },
    "node_modules/@sapphire/shapeshift": {
      "version": "3.9.7",
      "resolved": "https://registry.npmjs.org/@sapphire/shapeshift/-/shapeshift-3.9.7.tgz",
      "integrity": "sha512-4It2mxPSr4OGn4HSQWGmhFMsNFGfFVhWeRPCRwbH972Ek2pzfGRZtb0pJ4Ze6oIzcyh2jw7nUDa6qGlWofgd9g==",
      "dependencies": {
        "fast-deep-equal": "^3.1.3",
        "lodash": "^4.17.21"
      },
      "engines": {
        "node": ">=v16"
      }
    },
    "node_modules/@sapphire/snowflake": {
      "version": "3.5.1",
      "resolved": "https://registry.npmjs.org/@sapphire/snowflake/-/snowflake-3.5.1.tgz",
      "integrity": "sha512-BxcYGzgEsdlG0dKAyOm0ehLGm2CafIrfQTZGWgkfKYbj+pNNsorZ7EotuZukc2MT70E0UbppVbtpBrqpzVzjNA==",
      "engines": {
        "node": ">=v14.0.0",
        "npm": ">=7.0.0"
      }
    },
    "node_modules/@types/glob": {
      "version": "8.1.0",
      "resolved": "https://registry.npmjs.org/@types/glob/-/glob-8.1.0.tgz",
      "integrity": "sha512-IO+MJPVhoqz+28h1qLAcBEH2+xHMK6MTyHJc7MTnnYb6wsoLR29POVGJ7LycmVXIqyy/4/2ShP5sUwTXuOwb/w==",
      "dependencies": {
        "@types/minimatch": "^5.1.2",
        "@types/node": "*"
      }
    },
    "node_modules/@types/minimatch": {
      "version": "5.1.2",
      "resolved": "https://registry.npmjs.org/@types/minimatch/-/minimatch-5.1.2.tgz",
      "integrity": "sha512-K0VQKziLUWkVKiRVrx4a40iPaxTUefQmjtkQofBkYRcoaaL/8rhwDWww9qWbrgicNOgnpIsMxyNIUM4+n6dUIA=="
    },
    "node_modules/@types/node": {
      "version": "20.12.7",
      "resolved": "https://registry.npmjs.org/@types/node/-/node-20.12.7.tgz",
      "integrity": "sha512-wq0cICSkRLVaf3UGLMGItu/PtdY7oaXaI/RVU+xliKVOtRna3PRY57ZDfztpDL0n11vfymMUnXv8QwYCO7L1wg==",
      "dependencies": {
        "undici-types": "~5.26.4"
      }
    },
    "node_modules/@types/ws": {
      "version": "8.5.9",
      "resolved": "https://registry.npmjs.org/@types/ws/-/ws-8.5.9.tgz",
      "integrity": "sha512-jbdrY0a8lxfdTp/+r7Z4CkycbOFN8WX+IOchLJr3juT/xzbJ8URyTVSJ/hvNdadTgM1mnedb47n+Y31GsFnQlg==",
      "dependencies": {
        "@types/node": "*"
      }
    },
    "node_modules/@vladfrangu/async_event_emitter": {
      "version": "2.2.4",
      "resolved": "https://registry.npmjs.org/@vladfrangu/async_event_emitter/-/async_event_emitter-2.2.4.tgz",
      "integrity": "sha512-ButUPz9E9cXMLgvAW8aLAKKJJsPu1dY1/l/E8xzLFuysowXygs6GBcyunK9rnGC4zTsnIc2mQo71rGw9U+Ykug==",
      "engines": {
        "node": ">=v14.0.0",
        "npm": ">=7.0.0"
      }
    },
    "node_modules/ansi-styles": {
      "version": "4.3.0",
      "resolved": "https://registry.npmjs.org/ansi-styles/-/ansi-styles-4.3.0.tgz",
      "integrity": "sha512-zbB9rCJAT1rbjiVDb2hqKFHNYLxgtk8NURxZ3IZwD3F6NtxbXZQCnnSi1Lkx+IDohdPlFp222wVALIheZJQSEg==",
      "dependencies": {
        "color-convert": "^2.0.1"
      },
      "engines": {
        "node": ">=8"
      },
      "funding": {
        "url": "https://github.com/chalk/ansi-styles?sponsor=1"
      }
    },
    "node_modules/balanced-match": {
      "version": "1.0.2",
      "resolved": "https://registry.npmjs.org/balanced-match/-/balanced-match-1.0.2.tgz",
      "integrity": "sha512-3oSeUO0TMV67hN1AmbXsK4yaqU7tjiHlbxRDZOpH0KW9+CeX4bRAaX0Anxt0tx2MrpRpWwQaPwIlISEJhYU5Pw==",
      "peer": true
    },
    "node_modules/brace-expansion": {
      "version": "2.0.1",
      "resolved": "https://registry.npmjs.org/brace-expansion/-/brace-expansion-2.0.1.tgz",
      "integrity": "sha512-XnAIvQ8eM+kC6aULx6wuQiwVsnzsi9d3WxzV3FpWTGA19F621kwdbsAcFKXgKUHZWsy+mY6iL1sHTxWEFCytDA==",
      "peer": true,
      "dependencies": {
        "balanced-match": "^1.0.0"
      }
    },
    "node_modules/color-convert": {
      "version": "2.0.1",
      "resolved": "https://registry.npmjs.org/color-convert/-/color-convert-2.0.1.tgz",
      "integrity": "sha512-RRECPsj7iu/xb5oKYcsFHSppFNnsj/52OVTRKb4zP5onXwVF3zVmmToNcOfGC+CRDpfK/U584fMg38ZHCaElKQ==",
      "dependencies": {
        "color-name": "~1.1.4"
      },
      "engines": {
        "node": ">=7.0.0"
      }
    },
    "node_modules/color-name": {
      "version": "1.1.4",
      "resolved": "https://registry.npmjs.org/color-name/-/color-name-1.1.4.tgz",
      "integrity": "sha512-dOy+3AuW3a2wNbZHIuMZpTcgjGuLU/uBL/ubcZF9OXbDo8ff4O8yVp5Bf0efS8uEoYo5q4Fx7dY9OgQGXgAsQA=="
    },
    "node_modules/discord-api-types": {
      "version": "0.37.61",
      "resolved": "https://registry.npmjs.org/discord-api-types/-/discord-api-types-0.37.61.tgz",
      "integrity": "sha512-o/dXNFfhBpYHpQFdT6FWzeO7pKc838QeeZ9d91CfVAtpr5XLK4B/zYxQbYgPdoMiTDvJfzcsLW5naXgmHGDNXw=="
    },
    "node_modules/discord.js": {
      "version": "14.14.1",
      "resolved": "https://registry.npmjs.org/discord.js/-/discord.js-14.14.1.tgz",
      "integrity": "sha512-/hUVzkIerxKHyRKopJy5xejp4MYKDPTszAnpYxzVVv4qJYf+Tkt+jnT2N29PIPschicaEEpXwF2ARrTYHYwQ5w==",
      "dependencies": {
        "@discordjs/builders": "^1.7.0",
        "@discordjs/collection": "1.5.3",
        "@discordjs/formatters": "^0.3.3",
        "@discordjs/rest": "^2.1.0",
        "@discordjs/util": "^1.0.2",
        "@discordjs/ws": "^1.0.2",
        "@sapphire/snowflake": "3.5.1",
        "@types/ws": "8.5.9",
        "discord-api-types": "0.37.61",
        "fast-deep-equal": "3.1.3",
        "lodash.snakecase": "4.1.1",
        "tslib": "2.6.2",
        "undici": "5.27.2",
        "ws": "8.14.2"
      },
      "engines": {
        "node": ">=16.11.0"
      }
    },
    "node_modules/dotenv": {
      "version": "16.4.5",
      "resolved": "https://registry.npmjs.org/dotenv/-/dotenv-16.4.5.tgz",
      "integrity": "sha512-ZmdL2rui+eB2YwhsWzjInR8LldtZHGDoQ1ugH85ppHKwpUHL7j7rN0Ti9NCnGiQbhaZ11FpR+7ao1dNsmduNUg==",
      "engines": {
        "node": ">=12"
      },
      "funding": {
        "url": "https://dotenvx.com"
      }
    },
    "node_modules/effect": {
      "version": "2.0.0-next.56",
      "resolved": "https://registry.npmjs.org/effect/-/effect-2.0.0-next.56.tgz",
      "integrity": "sha512-Z6L9rf78OveZorl4pC82hUM/kNhQ8epChuCBVNIjVsookbb6iqTuP9goi3qi6CR7xUZE+HnOKF2bzMIdOOP+Vw==",
      "peer": true
    },
    "node_modules/fast-check": {
      "version": "3.18.0",
      "resolved": "https://registry.npmjs.org/fast-check/-/fast-check-3.18.0.tgz",
      "integrity": "sha512-/951xaT0kA40w0GXRsZXEwSTE7LugjZtSA/8vPgFkiPQ8wNp8tRvqWuNDHBgLxJYXtsK11e/7Q4ObkKW5BdTFQ==",
      "funding": [
        {
          "type": "individual",
          "url": "https://github.com/sponsors/dubzzz"
        },
        {
          "type": "opencollective",
          "url": "https://opencollective.com/fast-check"
        }
      ],
      "peer": true,
      "dependencies": {
        "pure-rand": "^6.1.0"
      },
      "engines": {
        "node": ">=8.0.0"
      }
    },
    "node_modules/fast-deep-equal": {
      "version": "3.1.3",
      "resolved": "https://registry.npmjs.org/fast-deep-equal/-/fast-deep-equal-3.1.3.tgz",
      "integrity": "sha512-f3qQ9oQy9j2AhBe/H9VC91wLmKBCCU/gDOnKNAYG5hswO7BLKj09Hc5HYNz9cGI++xlpDCIgDaitVs03ATR84Q=="
    },
    "node_modules/fecha": {
      "version": "4.2.3",
      "resolved": "https://registry.npmjs.org/fecha/-/fecha-4.2.3.tgz",
      "integrity": "sha512-OP2IUU6HeYKJi3i0z4A19kHMQoLVs4Hc+DPqqxI2h/DPZHTm/vjsfC6P0b4jCMy14XizLBqvndQ+UilD7707Jw=="
    },
    "node_modules/fs.realpath": {
      "version": "1.0.0",
      "resolved": "https://registry.npmjs.org/fs.realpath/-/fs.realpath-1.0.0.tgz",
      "integrity": "sha512-OO0pH2lK6a0hZnAdau5ItzHPI6pUlvI7jMVnxUQRtw4owF2wk8lOSabtGDCTP4Ggrg2MbGnWO9X8K1t4+fGMDw==",
      "peer": true
    },
    "node_modules/glob": {
      "version": "8.1.0",
      "resolved": "https://registry.npmjs.org/glob/-/glob-8.1.0.tgz",
      "integrity": "sha512-r8hpEjiQEYlF2QU0df3dS+nxxSIreXQS1qRhMJM0Q5NDdR386C7jb7Hwwod8Fgiuex+k0GFjgft18yvxm5XoCQ==",
      "peer": true,
      "dependencies": {
        "fs.realpath": "^1.0.0",
        "inflight": "^1.0.4",
        "inherits": "2",
        "minimatch": "^5.0.1",
        "once": "^1.3.0"
      },
      "engines": {
        "node": ">=12"
      },
      "funding": {
        "url": "https://github.com/sponsors/isaacs"
      }
    },
    "node_modules/glob-promise": {
      "version": "6.0.5",
      "resolved": "https://registry.npmjs.org/glob-promise/-/glob-promise-6.0.5.tgz",
      "integrity": "sha512-uUzvxo60yo/vMLXZHCNAlfdM5U5A07jCnUO8xTK44Z0Vc58poGDXhDx8ju1DmPdprOORh+4Lpog64hl+AJ5piA==",
      "dependencies": {
        "@types/glob": "^8.0.0"
      },
      "engines": {
        "node": ">=16"
      },
      "funding": {
        "type": "individual",
        "url": "https://github.com/sponsors/ahmadnassri"
      },
      "peerDependencies": {
        "glob": "^8.0.3"
      }
    },
    "node_modules/inflight": {
      "version": "1.0.6",
      "resolved": "https://registry.npmjs.org/inflight/-/inflight-1.0.6.tgz",
      "integrity": "sha512-k92I/b08q4wvFscXCLvqfsHCrjrF7yiXsQuIVvVE7N82W3+aqpzuUdBbfhWcy/FZR3/4IgflMgKLOsvPDrGCJA==",
      "peer": true,
      "dependencies": {
        "once": "^1.3.0",
        "wrappy": "1"
      }
    },
    "node_modules/inherits": {
      "version": "2.0.4",
      "resolved": "https://registry.npmjs.org/inherits/-/inherits-2.0.4.tgz",
      "integrity": "sha512-k/vGaX4/Yla3WzyMCvTQOXYeIHvqOKtnqBduzTHpzpQZzAskKMhZ2K+EnBiSM9zGSoIFeMpXKxa4dYeZIQqewQ==",
      "peer": true
    },
    "node_modules/lavaclient": {
      "version": "5.0.0-rc.3",
      "resolved": "https://registry.npmjs.org/lavaclient/-/lavaclient-5.0.0-rc.3.tgz",
      "integrity": "sha512-zSB0wK9SEhXwWd918ije4UjjqMeDlP7Nry8mo5UFvQlD2YMFKxJJuKTJKc9VwgBhBjRVB0cCujAlru7NsTRdDg==",
      "dependencies": {
        "@effect/schema": "^0.49.4",
        "lavalink-api-client": "1.0.1",
        "lavalink-protocol": "1.0.2",
        "lavalink-ws-client": "1.0.1",
        "tiny-typed-emitter": "^2.1.0",
        "tslib": "^2.6.0"
      },
      "engines": {
        "node": ">=20"
      }
    },
    "node_modules/lavaclient/node_modules/lavalink-api-client": {
      "version": "1.0.1",
      "resolved": "https://registry.npmjs.org/lavalink-api-client/-/lavalink-api-client-1.0.1.tgz",
      "integrity": "sha512-ur4rrOf68mEKQQ6SwDdzG/8W+ew6zpguLPxny14DjEGxDz/mXvDtILovXpFRR5S4d8Ko9xZygIJ9YqEQfgKC/w==",
      "dependencies": {
        "tslib": "^2.6.0"
      },
      "engines": {
        "node": ">=20"
      },
      "peerDependencies": {
        "lavalink-protocol": "1.0.2"
      }
    },
    "node_modules/lavaclient/node_modules/lavalink-protocol": {
      "version": "1.0.2",
      "resolved": "https://registry.npmjs.org/lavalink-protocol/-/lavalink-protocol-1.0.2.tgz",
      "integrity": "sha512-OLd4ZDrYeT35UxJY1K/Pu6PjqPnHN0X5HutcQ7E/UNz+3YBvieaki9z0gk08gPwsxkBhYjRKDNIVNTAT0sH0fA==",
      "dependencies": {
        "@effect/data": "0.17.6",
        "@effect/schema": "^0.49.4",
        "tslib": "^2.6.0"
      },
      "engines": {
        "node": ">=20"
      }
    },
    "node_modules/lavaclient/node_modules/lavalink-ws-client": {
      "version": "1.0.1",
      "resolved": "https://registry.npmjs.org/lavalink-ws-client/-/lavalink-ws-client-1.0.1.tgz",
      "integrity": "sha512-jXntoMJe/lk4vuO3RVfSVQPNx28CwammqP4I3+pi5uIF/WHBAJxzwyIzDCmUPIIXcuEveUH53bs2aE8uCq9Sig==",
      "dependencies": {
        "tslib": "^2.6.0",
        "typed-emitter": "^2.1.0",
        "ws": "^8.13.0"
      },
      "engines": {
        "node": ">=20"
      },
      "peerDependencies": {
        "lavalink-api-client": "1.0.1",
        "lavalink-protocol": "1.0.2"
      }
    },
    "node_modules/lavalink-protocol": {
      "version": "1.0.1",
      "resolved": "https://registry.npmjs.org/lavalink-protocol/-/lavalink-protocol-1.0.1.tgz",
      "integrity": "sha512-/fwxIM9sby33NWNONbI96SbICRECyfdtd2ylEpkfz33OV/USN8PmeI4ua2RcAlFEiTf7E+ftRYyVdHtXgVVMOA==",
      "peer": true,
      "dependencies": {
        "@effect/data": "0.17.6",
        "@effect/schema": "^0.49.4",
        "tslib": "^2.6.0"
      },
      "engines": {
        "node": ">=20"
      }
    },
    "node_modules/lodash": {
      "version": "4.17.21",
      "resolved": "https://registry.npmjs.org/lodash/-/lodash-4.17.21.tgz",
      "integrity": "sha512-v2kDEe57lecTulaDIuNTPy3Ry4gLGJ6Z1O3vE1krgXZNrsQ+LFTGHVxVjcXPs17LhbZVGedAJv8XZ1tvj5FvSg=="
    },
    "node_modules/lodash.snakecase": {
      "version": "4.1.1",
      "resolved": "https://registry.npmjs.org/lodash.snakecase/-/lodash.snakecase-4.1.1.tgz",
      "integrity": "sha512-QZ1d4xoBHYUeuouhEq3lk3Uq7ldgyFXGBhg04+oRLnIz8o9T65Eh+8YdroUwn846zchkA9yDsDl5CVVaV2nqYw=="
    },
    "node_modules/magic-bytes.js": {
      "version": "1.10.0",
      "resolved": "https://registry.npmjs.org/magic-bytes.js/-/magic-bytes.js-1.10.0.tgz",
      "integrity": "sha512-/k20Lg2q8LE5xiaaSkMXk4sfvI+9EGEykFS4b0CHHGWqDYU0bGUFSwchNOMA56D7TCs9GwVTkqe9als1/ns8UQ=="
    },
    "node_modules/minimatch": {
      "version": "5.1.6",
      "resolved": "https://registry.npmjs.org/minimatch/-/minimatch-5.1.6.tgz",
      "integrity": "sha512-lKwV/1brpG6mBUFHtb7NUmtABCb2WZZmm2wNiOA5hAb8VdCS4B3dtMWyvcoViccwAW/COERjXLt0zP1zXUN26g==",
      "peer": true,
      "dependencies": {
        "brace-expansion": "^2.0.1"
      },
      "engines": {
        "node": ">=10"
      }
    },
    "node_modules/once": {
      "version": "1.4.0",
      "resolved": "https://registry.npmjs.org/once/-/once-1.4.0.tgz",
      "integrity": "sha512-lNaJgI+2Q5URQBkccEKHTQOPaXdUxnZZElQTZY0MFUAuaEqe1E+Nyvgdz/aIyNi6Z9MzO5dv1H8n58/GELp3+w==",
      "peer": true,
      "dependencies": {
        "wrappy": "1"
      }
    },
    "node_modules/pure-rand": {
      "version": "6.1.0",
      "resolved": "https://registry.npmjs.org/pure-rand/-/pure-rand-6.1.0.tgz",
      "integrity": "sha512-bVWawvoZoBYpp6yIoQtQXHZjmz35RSVHnUOTefl8Vcjr8snTPY1wnpSPMWekcFwbxI6gtmT7rSYPFvz71ldiOA==",
      "funding": [
        {
          "type": "individual",
          "url": "https://github.com/sponsors/dubzzz"
        },
        {
          "type": "opencollective",
          "url": "https://opencollective.com/fast-check"
        }
      ],
      "peer": true
    },
    "node_modules/rxjs": {
      "version": "7.8.1",
      "resolved": "https://registry.npmjs.org/rxjs/-/rxjs-7.8.1.tgz",
      "integrity": "sha512-AA3TVj+0A2iuIoQkWEK/tqFjBq2j+6PO6Y0zJcvzLAFhEFIO3HL0vls9hWLncZbAAbK0mar7oZ4V079I/qPMxg==",
      "optional": true,
      "dependencies": {
        "tslib": "^2.1.0"
      }
    },
    "node_modules/tiny-typed-emitter": {
      "version": "2.1.0",
      "resolved": "https://registry.npmjs.org/tiny-typed-emitter/-/tiny-typed-emitter-2.1.0.tgz",
      "integrity": "sha512-qVtvMxeXbVej0cQWKqVSSAHmKZEHAvxdF8HEUBFWts8h+xEo5m/lEiPakuyZ3BnCBjOD8i24kzNOiOLLgsSxhA=="
    },
    "node_modules/ts-mixer": {
      "version": "6.0.4",
      "resolved": "https://registry.npmjs.org/ts-mixer/-/ts-mixer-6.0.4.tgz",
      "integrity": "sha512-ufKpbmrugz5Aou4wcr5Wc1UUFWOLhq+Fm6qa6P0w0K5Qw2yhaUoiWszhCVuNQyNwrlGiscHOmqYoAox1PtvgjA=="
    },
    "node_modules/tslib": {
      "version": "2.6.2",
      "resolved": "https://registry.npmjs.org/tslib/-/tslib-2.6.2.tgz",
      "integrity": "sha512-AEYxH93jGFPn/a2iVAwW87VuUIkR1FVUKB77NwMF7nBTDkDrrT/Hpt/IrCJ0QXhW27jTBDcf5ZY7w6RiqTMw2Q=="
    },
    "node_modules/typed-emitter": {
      "version": "2.1.0",
      "resolved": "https://registry.npmjs.org/typed-emitter/-/typed-emitter-2.1.0.tgz",
      "integrity": "sha512-g/KzbYKbH5C2vPkaXGu8DJlHrGKHLsM25Zg9WuC9pMGfuvT+X25tZQWo5fK1BjBm8+UrVE9LDCvaY0CQk+fXDA==",
      "optionalDependencies": {
        "rxjs": "*"
      }
    },
    "node_modules/typescript": {
      "version": "5.4.5",
      "resolved": "https://registry.npmjs.org/typescript/-/typescript-5.4.5.tgz",
      "integrity": "sha512-vcI4UpRgg81oIRUFwR0WSIHKt11nJ7SAVlYNIu+QpqeyXP+gpQJy/Z4+F0aGxSE4MqwjyXvW/TzgkLAx2AGHwQ==",
      "dev": true,
      "bin": {
        "tsc": "bin/tsc",
        "tsserver": "bin/tsserver"
      },
      "engines": {
        "node": ">=14.17"
      }
    },
    "node_modules/undici": {
      "version": "5.27.2",
      "resolved": "https://registry.npmjs.org/undici/-/undici-5.27.2.tgz",
      "integrity": "sha512-iS857PdOEy/y3wlM3yRp+6SNQQ6xU0mmZcwRSriqk+et/cwWAtwmIGf6WkoDN2EK/AMdCO/dfXzIwi+rFMrjjQ==",
      "dependencies": {
        "@fastify/busboy": "^2.0.0"
      },
      "engines": {
        "node": ">=14.0"
      }
    },
    "node_modules/undici-types": {
      "version": "5.26.5",
      "resolved": "https://registry.npmjs.org/undici-types/-/undici-types-5.26.5.tgz",
      "integrity": "sha512-JlCMO+ehdEIKqlFxk6IfVoAUVmgz7cU7zD/h9XZ0qzeosSHmUJVOzSQvvYSYWXkFXC+IfLKSIffhv0sVZup6pA=="
    },
    "node_modules/wrappy": {
      "version": "1.0.2",
      "resolved": "https://registry.npmjs.org/wrappy/-/wrappy-1.0.2.tgz",
      "integrity": "sha512-l4Sp/DRseor9wL6EvV2+TuQn63dMkPjZ/sp9XkghTEbV9KlPS1xUsZ3u7/IQO4wxtcFB4bgpQPRcR3QCvezPcQ==",
      "peer": true
    },
    "node_modules/ws": {
      "version": "8.14.2",
      "resolved": "https://registry.npmjs.org/ws/-/ws-8.14.2.tgz",
      "integrity": "sha512-wEBG1ftX4jcglPxgFCMJmZ2PLtSbJ2Peg6TmpJFTbe9GZYOQCDPdMYu/Tm0/bGZkw8paZnJY45J4K2PZrLYq8g==",
      "engines": {
        "node": ">=10.0.0"
      },
      "peerDependencies": {
        "bufferutil": "^4.0.1",
        "utf-8-validate": ">=5.0.2"
      },
      "peerDependenciesMeta": {
        "bufferutil": {
          "optional": true
        },
        "utf-8-validate": {
          "optional": true
        }
      }
    }
  }
}
